// !$*UTF8*$!
{
	archiveVersion = 1;
	classes = {
	};
	objectVersion = 55;
	objects = {

/* Begin PBXBuildFile section */
		30165D2328ABA951000CDBFE /* ToyModel.swift in Sources */ = {isa = PBXBuildFile; fileRef = 30165D2228ABA951000CDBFE /* ToyModel.swift */; };
		3018D2CA28914E8B0008087F /* String.swift in Sources */ = {isa = PBXBuildFile; fileRef = 3018D2C928914E8B0008087F /* String.swift */; };
		3018D2CC28915A1E0008087F /* ViewController.swift in Sources */ = {isa = PBXBuildFile; fileRef = 3018D2CB28915A1E0008087F /* ViewController.swift */; };
		3018D2CF28915C870008087F /* SignUpViewController.swift in Sources */ = {isa = PBXBuildFile; fileRef = 3018D2CE28915C870008087F /* SignUpViewController.swift */; };
		3018D2D128915CAB0008087F /* SignUpView.swift in Sources */ = {isa = PBXBuildFile; fileRef = 3018D2D028915CAA0008087F /* SignUpView.swift */; };
		3021EFCE28D321F500A1E97A /* SwipeableImageView.swift in Sources */ = {isa = PBXBuildFile; fileRef = 3021EFCD28D321F500A1E97A /* SwipeableImageView.swift */; };
		30459F5C28D0854000FE05A0 /* IntroViewController.swift in Sources */ = {isa = PBXBuildFile; fileRef = 30459F5B28D0854000FE05A0 /* IntroViewController.swift */; };
		30459F6628D08FEB00FE05A0 /* IntroView.swift in Sources */ = {isa = PBXBuildFile; fileRef = 30459F6528D08FEB00FE05A0 /* IntroView.swift */; };
		30459F6A28D0964500FE05A0 /* IntroModel.swift in Sources */ = {isa = PBXBuildFile; fileRef = 30459F6928D0964500FE05A0 /* IntroModel.swift */; };
		30459F6F28D0B57700FE05A0 /* PageIndicatorView.swift in Sources */ = {isa = PBXBuildFile; fileRef = 30459F6E28D0B57700FE05A0 /* PageIndicatorView.swift */; };
		30459F7128D0B8CF00FE05A0 /* PageIndicatorItem.swift in Sources */ = {isa = PBXBuildFile; fileRef = 30459F7028D0B8CF00FE05A0 /* PageIndicatorItem.swift */; };
		304A762928A3C6CD0032618B /* GoogleService-Info.plist in Resources */ = {isa = PBXBuildFile; fileRef = 304A762828A3C6CD0032618B /* GoogleService-Info.plist */; };
		3070A840289A7CF100E807DD /* Secrets.swift in Sources */ = {isa = PBXBuildFile; fileRef = 3070A83F289A7CF100E807DD /* Secrets.swift */; };
		307354AF28D06F25007A3E3F /* toyBoxTests.swift in Sources */ = {isa = PBXBuildFile; fileRef = 307354AE28D06F25007A3E3F /* toyBoxTests.swift */; };
		30B3C06D28B6187B006C605A /* CategoriesViewController.swift in Sources */ = {isa = PBXBuildFile; fileRef = 30B3C06C28B6187A006C605A /* CategoriesViewController.swift */; };
		30B3C06F28B618A6006C605A /* CategoriesView.swift in Sources */ = {isa = PBXBuildFile; fileRef = 30B3C06E28B618A6006C605A /* CategoriesView.swift */; };
		30B3C07128B619B2006C605A /* CategoryCell.swift in Sources */ = {isa = PBXBuildFile; fileRef = 30B3C07028B619B2006C605A /* CategoryCell.swift */; };
		30B3C07428B61C0C006C605A /* SearchBarView.swift in Sources */ = {isa = PBXBuildFile; fileRef = 30B3C07328B61C0C006C605A /* SearchBarView.swift */; };
		30B3C07B28B75C12006C605A /* MainStackedView.swift in Sources */ = {isa = PBXBuildFile; fileRef = 30B3C07A28B75C12006C605A /* MainStackedView.swift */; };
		30B3C07D28B75DAA006C605A /* MainViewController.swift in Sources */ = {isa = PBXBuildFile; fileRef = 30B3C07C28B75DAA006C605A /* MainViewController.swift */; };
		30B3C07F28B783D9006C605A /* CategoriesDataSource+Delegate.swift in Sources */ = {isa = PBXBuildFile; fileRef = 30B3C07E28B783D9006C605A /* CategoriesDataSource+Delegate.swift */; };
		30B54280283E3243007D8A81 /* AppDelegate.swift in Sources */ = {isa = PBXBuildFile; fileRef = 30B5427F283E3243007D8A81 /* AppDelegate.swift */; };
		30B54282283E3243007D8A81 /* SceneDelegate.swift in Sources */ = {isa = PBXBuildFile; fileRef = 30B54281283E3243007D8A81 /* SceneDelegate.swift */; };
		30B54284283E3243007D8A81 /* SignInViewController.swift in Sources */ = {isa = PBXBuildFile; fileRef = 30B54283283E3243007D8A81 /* SignInViewController.swift */; };
		30B54289283E3247007D8A81 /* Assets.xcassets in Resources */ = {isa = PBXBuildFile; fileRef = 30B54288283E3247007D8A81 /* Assets.xcassets */; };
		30B5428C283E3247007D8A81 /* LaunchScreen.storyboard in Resources */ = {isa = PBXBuildFile; fileRef = 30B5428A283E3247007D8A81 /* LaunchScreen.storyboard */; };
		30B54296283E3359007D8A81 /* UIColor.swift in Sources */ = {isa = PBXBuildFile; fileRef = 30B54295283E3359007D8A81 /* UIColor.swift */; };
		30B54298283E3370007D8A81 /* UIView.swift in Sources */ = {isa = PBXBuildFile; fileRef = 30B54297283E3370007D8A81 /* UIView.swift */; };
		30B542A1283E3400007D8A81 /* UIFont.swift in Sources */ = {isa = PBXBuildFile; fileRef = 30B542A0283E3400007D8A81 /* UIFont.swift */; };
		30B542B2283E35EB007D8A81 /* Data.swift in Sources */ = {isa = PBXBuildFile; fileRef = 30B542B1283E35EB007D8A81 /* Data.swift */; };
		30B542B4283E360E007D8A81 /* SnakeCaseJSONDecoder.swift in Sources */ = {isa = PBXBuildFile; fileRef = 30B542B3283E360E007D8A81 /* SnakeCaseJSONDecoder.swift */; };
		30B542B7283E3638007D8A81 /* View.swift in Sources */ = {isa = PBXBuildFile; fileRef = 30B542B6283E3638007D8A81 /* View.swift */; };
		30B542B9283E364C007D8A81 /* TableCell.swift in Sources */ = {isa = PBXBuildFile; fileRef = 30B542B8283E364C007D8A81 /* TableCell.swift */; };
		30B542BB283E3660007D8A81 /* CollectionCell.swift in Sources */ = {isa = PBXBuildFile; fileRef = 30B542BA283E3660007D8A81 /* CollectionCell.swift */; };
		30B542BF283E3AC2007D8A81 /* Request.swift in Sources */ = {isa = PBXBuildFile; fileRef = 30B542BE283E3AC2007D8A81 /* Request.swift */; };
		30B542C1283E3AE6007D8A81 /* NetworkDispatcher.swift in Sources */ = {isa = PBXBuildFile; fileRef = 30B542C0283E3AE6007D8A81 /* NetworkDispatcher.swift */; };
		30B542C3283E3B0D007D8A81 /* ApiClient.swift in Sources */ = {isa = PBXBuildFile; fileRef = 30B542C2283E3B0D007D8A81 /* ApiClient.swift */; };
		30B542C5283E3B2D007D8A81 /* Settings.swift in Sources */ = {isa = PBXBuildFile; fileRef = 30B542C4283E3B2D007D8A81 /* Settings.swift */; };
		30B542C8283E3BFD007D8A81 /* LocationService.swift in Sources */ = {isa = PBXBuildFile; fileRef = 30B542C7283E3BFD007D8A81 /* LocationService.swift */; };
		30B542CB283E3CD8007D8A81 /* SignInView.swift in Sources */ = {isa = PBXBuildFile; fileRef = 30B542CA283E3CD8007D8A81 /* SignInView.swift */; };
		30B542CC283E3E8E007D8A81 /* Karla-ExtraLightItalic.ttf in Resources */ = {isa = PBXBuildFile; fileRef = 30B542AB283E34AA007D8A81 /* Karla-ExtraLightItalic.ttf */; };
		30B542CD283E3E8E007D8A81 /* Karla-ExtraBold.ttf in Resources */ = {isa = PBXBuildFile; fileRef = 30B542AC283E34AA007D8A81 /* Karla-ExtraBold.ttf */; };
		30B542CE283E3E8E007D8A81 /* Karla-SemiBoldItalic.ttf in Resources */ = {isa = PBXBuildFile; fileRef = 30B542A4283E34AA007D8A81 /* Karla-SemiBoldItalic.ttf */; };
		30B542CF283E3E8E007D8A81 /* Karla-ExtraBoldItalic.ttf in Resources */ = {isa = PBXBuildFile; fileRef = 30B542AF283E34AA007D8A81 /* Karla-ExtraBoldItalic.ttf */; };
		30B542D0283E3E8E007D8A81 /* Karla-Italic.ttf in Resources */ = {isa = PBXBuildFile; fileRef = 30B542A3283E34AA007D8A81 /* Karla-Italic.ttf */; };
		30B542D1283E3E8E007D8A81 /* Karla-Regular.ttf in Resources */ = {isa = PBXBuildFile; fileRef = 30B542A8283E34AA007D8A81 /* Karla-Regular.ttf */; };
		30B542D2283E3E8E007D8A81 /* Karla-SemiBold.ttf in Resources */ = {isa = PBXBuildFile; fileRef = 30B542AD283E34AA007D8A81 /* Karla-SemiBold.ttf */; };
		30B542D3283E3E8E007D8A81 /* Karla-Light.ttf in Resources */ = {isa = PBXBuildFile; fileRef = 30B542B0283E34AA007D8A81 /* Karla-Light.ttf */; };
		30B542D4283E3E8E007D8A81 /* Karla-BoldItalic.ttf in Resources */ = {isa = PBXBuildFile; fileRef = 30B542AA283E34AA007D8A81 /* Karla-BoldItalic.ttf */; };
		30B542D5283E3E8E007D8A81 /* Karla-Medium.ttf in Resources */ = {isa = PBXBuildFile; fileRef = 30B542A9283E34AA007D8A81 /* Karla-Medium.ttf */; };
		30B542D6283E3E8E007D8A81 /* Karla-Bold.ttf in Resources */ = {isa = PBXBuildFile; fileRef = 30B542AE283E34AA007D8A81 /* Karla-Bold.ttf */; };
		30B542D7283E3E8E007D8A81 /* Karla-MediumItalic.ttf in Resources */ = {isa = PBXBuildFile; fileRef = 30B542A5283E34AA007D8A81 /* Karla-MediumItalic.ttf */; };
		30B542D8283E3E8E007D8A81 /* Karla-ExtraLight.ttf in Resources */ = {isa = PBXBuildFile; fileRef = 30B542A7283E34AA007D8A81 /* Karla-ExtraLight.ttf */; };
		30B542D9283E3E8E007D8A81 /* Karla-LightItalic.ttf in Resources */ = {isa = PBXBuildFile; fileRef = 30B542A6283E34AA007D8A81 /* Karla-LightItalic.ttf */; };
		30B542DA283E3E97007D8A81 /* Quicksand-Light.ttf in Resources */ = {isa = PBXBuildFile; fileRef = 30B5429F283E33F0007D8A81 /* Quicksand-Light.ttf */; };
		30B542DB283E3E97007D8A81 /* Quicksand-Medium.ttf in Resources */ = {isa = PBXBuildFile; fileRef = 30B5429D283E33F0007D8A81 /* Quicksand-Medium.ttf */; };
		30B542DC283E3E97007D8A81 /* Quicksand-Regular.ttf in Resources */ = {isa = PBXBuildFile; fileRef = 30B5429B283E33F0007D8A81 /* Quicksand-Regular.ttf */; };
		30B542DD283E3E97007D8A81 /* Quicksand-Bold.ttf in Resources */ = {isa = PBXBuildFile; fileRef = 30B5429C283E33F0007D8A81 /* Quicksand-Bold.ttf */; };
		30B542DE283E3E97007D8A81 /* Quicksand-SemiBold.ttf in Resources */ = {isa = PBXBuildFile; fileRef = 30B5429E283E33F0007D8A81 /* Quicksand-SemiBold.ttf */; };
		30C3FD3528C7690D0007B45A /* FavoriteModels.swift in Sources */ = {isa = PBXBuildFile; fileRef = 30C3FD3428C7690D0007B45A /* FavoriteModels.swift */; };
		30D95F1228C89EA9007F9E02 /* CartViewController.swift in Sources */ = {isa = PBXBuildFile; fileRef = 30D95F1128C89EA9007F9E02 /* CartViewController.swift */; };
		30D95F1428C89ECF007F9E02 /* CartView.swift in Sources */ = {isa = PBXBuildFile; fileRef = 30D95F1328C89ECF007F9E02 /* CartView.swift */; };
		30D95F1628C8AD85007F9E02 /* CartModel.swift in Sources */ = {isa = PBXBuildFile; fileRef = 30D95F1528C8AD85007F9E02 /* CartModel.swift */; };
		30D95F1928C8B135007F9E02 /* Storage.swift in Sources */ = {isa = PBXBuildFile; fileRef = 30D95F1828C8B135007F9E02 /* Storage.swift */; };
		30D95F1B28C8B8F8007F9E02 /* MainFlatView.swift in Sources */ = {isa = PBXBuildFile; fileRef = 30D95F1A28C8B8F8007F9E02 /* MainFlatView.swift */; };
		30DE310A28ABC31100509C14 /* LoaderViewController.swift in Sources */ = {isa = PBXBuildFile; fileRef = 30DE310928ABC31100509C14 /* LoaderViewController.swift */; };
		30DE310C28ABC34B00509C14 /* LoaderView.swift in Sources */ = {isa = PBXBuildFile; fileRef = 30DE310B28ABC34B00509C14 /* LoaderView.swift */; };
		30DE310E28ACE80700509C14 /* Label.swift in Sources */ = {isa = PBXBuildFile; fileRef = 30DE310D28ACE80700509C14 /* Label.swift */; };
		30DE311028ACFDBB00509C14 /* CategoryModel.swift in Sources */ = {isa = PBXBuildFile; fileRef = 30DE310F28ACFDBB00509C14 /* CategoryModel.swift */; };
		30DE311228AD0C7500509C14 /* InitialDataModel.swift in Sources */ = {isa = PBXBuildFile; fileRef = 30DE311128AD0C7500509C14 /* InitialDataModel.swift */; };
		30DE311528AD257600509C14 /* ToyViewController.swift in Sources */ = {isa = PBXBuildFile; fileRef = 30DE311428AD257600509C14 /* ToyViewController.swift */; };
		30DE311728AD25C000509C14 /* ToyView.swift in Sources */ = {isa = PBXBuildFile; fileRef = 30DE311628AD25C000509C14 /* ToyView.swift */; };
		30DE311928AD262600509C14 /* SwipeableImageViewController.swift in Sources */ = {isa = PBXBuildFile; fileRef = 30DE311828AD262600509C14 /* SwipeableImageViewController.swift */; };
		30DE311D28AE281700509C14 /* GroupedTableView.swift in Sources */ = {isa = PBXBuildFile; fileRef = 30DE311C28AE281700509C14 /* GroupedTableView.swift */; };
		30DE311F28AE288000509C14 /* GroupedTableViewCell.swift in Sources */ = {isa = PBXBuildFile; fileRef = 30DE311E28AE288000509C14 /* GroupedTableViewCell.swift */; };
		30DE312128AE305B00509C14 /* GroupedSectionHeader.swift in Sources */ = {isa = PBXBuildFile; fileRef = 30DE312028AE305B00509C14 /* GroupedSectionHeader.swift */; };
		30DE312328AE357800509C14 /* ToyViewCell.swift in Sources */ = {isa = PBXBuildFile; fileRef = 30DE312228AE357800509C14 /* ToyViewCell.swift */; };
		30DE312528AE363F00509C14 /* ToyHeaderView.swift in Sources */ = {isa = PBXBuildFile; fileRef = 30DE312428AE363F00509C14 /* ToyHeaderView.swift */; };
		30DE312728AE38B900509C14 /* ToyDelegate+DataSource.swift in Sources */ = {isa = PBXBuildFile; fileRef = 30DE312628AE38B900509C14 /* ToyDelegate+DataSource.swift */; };
		30E7E8FF2892B7B300057155 /* DashboardViewController.swift in Sources */ = {isa = PBXBuildFile; fileRef = 30E7E8FE2892B7B300057155 /* DashboardViewController.swift */; };
		30E7E9012892B7F300057155 /* DashboardView.swift in Sources */ = {isa = PBXBuildFile; fileRef = 30E7E9002892B7F300057155 /* DashboardView.swift */; };
		30E7E9032892B82A00057155 /* FavoritesViewController.swift in Sources */ = {isa = PBXBuildFile; fileRef = 30E7E9022892B82A00057155 /* FavoritesViewController.swift */; };
		30E7E9052892B84400057155 /* FavoritesView.swift in Sources */ = {isa = PBXBuildFile; fileRef = 30E7E9042892B84400057155 /* FavoritesView.swift */; };
		30E7E9072892B9F800057155 /* SettingsViewController.swift in Sources */ = {isa = PBXBuildFile; fileRef = 30E7E9062892B9F800057155 /* SettingsViewController.swift */; };
		30E7E9092892BA5000057155 /* SettingsView.swift in Sources */ = {isa = PBXBuildFile; fileRef = 30E7E9082892BA5000057155 /* SettingsView.swift */; };
		30E7E90B2892BADD00057155 /* TabBarViewController.swift in Sources */ = {isa = PBXBuildFile; fileRef = 30E7E90A2892BADD00057155 /* TabBarViewController.swift */; };
		30E7E90D2892C16000057155 /* TabBarController.swift in Sources */ = {isa = PBXBuildFile; fileRef = 30E7E90C2892C16000057155 /* TabBarController.swift */; };
		30F35C5C2893C43700D8B88F /* SocialMediaButton.swift in Sources */ = {isa = PBXBuildFile; fileRef = 30F35C5B2893C43600D8B88F /* SocialMediaButton.swift */; };
		30F35C5E2893D87900D8B88F /* TextField.swift in Sources */ = {isa = PBXBuildFile; fileRef = 30F35C5D2893D87900D8B88F /* TextField.swift */; };
		30F35C642893F6B900D8B88F /* GesturePublisher.swift in Sources */ = {isa = PBXBuildFile; fileRef = 30F35C632893F6B900D8B88F /* GesturePublisher.swift */; };
		30F35C672893F88700D8B88F /* GestureSubscription.swift in Sources */ = {isa = PBXBuildFile; fileRef = 30F35C662893F88700D8B88F /* GestureSubscription.swift */; };
		30F35C692893FA9200D8B88F /* UIView+Gesture.swift in Sources */ = {isa = PBXBuildFile; fileRef = 30F35C682893FA9200D8B88F /* UIView+Gesture.swift */; };
		30F35C6B28940DFA00D8B88F /* TileView.swift in Sources */ = {isa = PBXBuildFile; fileRef = 30F35C6A28940DFA00D8B88F /* TileView.swift */; };
		30F35C6E2894168000D8B88F /* TileButton.swift in Sources */ = {isa = PBXBuildFile; fileRef = 30F35C6D2894168000D8B88F /* TileButton.swift */; };
		4A3471806718ED9B81272A6D /* Pods_toyBox.framework in Frameworks */ = {isa = PBXBuildFile; fileRef = 719FC79AF5007D058CF2CA31 /* Pods_toyBox.framework */; };
/* End PBXBuildFile section */

/* Begin PBXContainerItemProxy section */
		307354B028D06F25007A3E3F /* PBXContainerItemProxy */ = {
			isa = PBXContainerItemProxy;
			containerPortal = 30B54274283E3243007D8A81 /* Project object */;
			proxyType = 1;
			remoteGlobalIDString = 30B5427B283E3243007D8A81;
			remoteInfo = toyBox;
		};
/* End PBXContainerItemProxy section */

/* Begin PBXCopyFilesBuildPhase section */
		3070AA14289AA9BE00E807DD /* Embed Frameworks */ = {
			isa = PBXCopyFilesBuildPhase;
			buildActionMask = 2147483647;
			dstPath = "";
			dstSubfolderSpec = 10;
			files = (
			);
			name = "Embed Frameworks";
			runOnlyForDeploymentPostprocessing = 0;
		};
/* End PBXCopyFilesBuildPhase section */

/* Begin PBXFileReference section */
		30165D2228ABA951000CDBFE /* ToyModel.swift */ = {isa = PBXFileReference; lastKnownFileType = sourcecode.swift; path = ToyModel.swift; sourceTree = "<group>"; };
		3018D2C928914E8B0008087F /* String.swift */ = {isa = PBXFileReference; lastKnownFileType = sourcecode.swift; path = String.swift; sourceTree = "<group>"; };
		3018D2CB28915A1E0008087F /* ViewController.swift */ = {isa = PBXFileReference; lastKnownFileType = sourcecode.swift; path = ViewController.swift; sourceTree = "<group>"; };
		3018D2CE28915C870008087F /* SignUpViewController.swift */ = {isa = PBXFileReference; lastKnownFileType = sourcecode.swift; path = SignUpViewController.swift; sourceTree = "<group>"; };
		3018D2D028915CAA0008087F /* SignUpView.swift */ = {isa = PBXFileReference; lastKnownFileType = sourcecode.swift; path = SignUpView.swift; sourceTree = "<group>"; };
		3021EFCD28D321F500A1E97A /* SwipeableImageView.swift */ = {isa = PBXFileReference; lastKnownFileType = sourcecode.swift; path = SwipeableImageView.swift; sourceTree = "<group>"; };
		30459F5B28D0854000FE05A0 /* IntroViewController.swift */ = {isa = PBXFileReference; lastKnownFileType = sourcecode.swift; path = IntroViewController.swift; sourceTree = "<group>"; };
		30459F6528D08FEB00FE05A0 /* IntroView.swift */ = {isa = PBXFileReference; lastKnownFileType = sourcecode.swift; path = IntroView.swift; sourceTree = "<group>"; };
		30459F6928D0964500FE05A0 /* IntroModel.swift */ = {isa = PBXFileReference; lastKnownFileType = sourcecode.swift; path = IntroModel.swift; sourceTree = "<group>"; };
		30459F6E28D0B57700FE05A0 /* PageIndicatorView.swift */ = {isa = PBXFileReference; lastKnownFileType = sourcecode.swift; path = PageIndicatorView.swift; sourceTree = "<group>"; };
		30459F7028D0B8CF00FE05A0 /* PageIndicatorItem.swift */ = {isa = PBXFileReference; lastKnownFileType = sourcecode.swift; path = PageIndicatorItem.swift; sourceTree = "<group>"; };
		304A762828A3C6CD0032618B /* GoogleService-Info.plist */ = {isa = PBXFileReference; fileEncoding = 4; lastKnownFileType = text.plist.xml; path = "GoogleService-Info.plist"; sourceTree = "<group>"; };
		3070A83F289A7CF100E807DD /* Secrets.swift */ = {isa = PBXFileReference; lastKnownFileType = sourcecode.swift; path = Secrets.swift; sourceTree = "<group>"; };
		307354AC28D06F25007A3E3F /* toyBoxTests.xctest */ = {isa = PBXFileReference; explicitFileType = wrapper.cfbundle; includeInIndex = 0; path = toyBoxTests.xctest; sourceTree = BUILT_PRODUCTS_DIR; };
		307354AE28D06F25007A3E3F /* toyBoxTests.swift */ = {isa = PBXFileReference; lastKnownFileType = sourcecode.swift; path = toyBoxTests.swift; sourceTree = "<group>"; };
		30B3C06C28B6187A006C605A /* CategoriesViewController.swift */ = {isa = PBXFileReference; lastKnownFileType = sourcecode.swift; path = CategoriesViewController.swift; sourceTree = "<group>"; };
		30B3C06E28B618A6006C605A /* CategoriesView.swift */ = {isa = PBXFileReference; lastKnownFileType = sourcecode.swift; path = CategoriesView.swift; sourceTree = "<group>"; };
		30B3C07028B619B2006C605A /* CategoryCell.swift */ = {isa = PBXFileReference; lastKnownFileType = sourcecode.swift; path = CategoryCell.swift; sourceTree = "<group>"; };
		30B3C07328B61C0C006C605A /* SearchBarView.swift */ = {isa = PBXFileReference; lastKnownFileType = sourcecode.swift; path = SearchBarView.swift; sourceTree = "<group>"; };
		30B3C07A28B75C12006C605A /* MainStackedView.swift */ = {isa = PBXFileReference; lastKnownFileType = sourcecode.swift; path = MainStackedView.swift; sourceTree = "<group>"; };
		30B3C07C28B75DAA006C605A /* MainViewController.swift */ = {isa = PBXFileReference; lastKnownFileType = sourcecode.swift; path = MainViewController.swift; sourceTree = "<group>"; };
		30B3C07E28B783D9006C605A /* CategoriesDataSource+Delegate.swift */ = {isa = PBXFileReference; lastKnownFileType = sourcecode.swift; path = "CategoriesDataSource+Delegate.swift"; sourceTree = "<group>"; };
		30B5427C283E3243007D8A81 /* toyBox.app */ = {isa = PBXFileReference; explicitFileType = wrapper.application; includeInIndex = 0; path = toyBox.app; sourceTree = BUILT_PRODUCTS_DIR; };
		30B5427F283E3243007D8A81 /* AppDelegate.swift */ = {isa = PBXFileReference; lastKnownFileType = sourcecode.swift; path = AppDelegate.swift; sourceTree = "<group>"; };
		30B54281283E3243007D8A81 /* SceneDelegate.swift */ = {isa = PBXFileReference; lastKnownFileType = sourcecode.swift; path = SceneDelegate.swift; sourceTree = "<group>"; };
		30B54283283E3243007D8A81 /* SignInViewController.swift */ = {isa = PBXFileReference; lastKnownFileType = sourcecode.swift; path = SignInViewController.swift; sourceTree = "<group>"; };
		30B54288283E3247007D8A81 /* Assets.xcassets */ = {isa = PBXFileReference; lastKnownFileType = folder.assetcatalog; path = Assets.xcassets; sourceTree = "<group>"; };
		30B5428B283E3247007D8A81 /* Base */ = {isa = PBXFileReference; lastKnownFileType = file.storyboard; name = Base; path = Base.lproj/LaunchScreen.storyboard; sourceTree = "<group>"; };
		30B5428D283E3247007D8A81 /* Info.plist */ = {isa = PBXFileReference; lastKnownFileType = text.plist.xml; path = Info.plist; sourceTree = "<group>"; };
		30B54295283E3359007D8A81 /* UIColor.swift */ = {isa = PBXFileReference; lastKnownFileType = sourcecode.swift; path = UIColor.swift; sourceTree = "<group>"; };
		30B54297283E3370007D8A81 /* UIView.swift */ = {isa = PBXFileReference; lastKnownFileType = sourcecode.swift; path = UIView.swift; sourceTree = "<group>"; };
		30B5429B283E33F0007D8A81 /* Quicksand-Regular.ttf */ = {isa = PBXFileReference; lastKnownFileType = file; path = "Quicksand-Regular.ttf"; sourceTree = "<group>"; };
		30B5429C283E33F0007D8A81 /* Quicksand-Bold.ttf */ = {isa = PBXFileReference; lastKnownFileType = file; path = "Quicksand-Bold.ttf"; sourceTree = "<group>"; };
		30B5429D283E33F0007D8A81 /* Quicksand-Medium.ttf */ = {isa = PBXFileReference; lastKnownFileType = file; path = "Quicksand-Medium.ttf"; sourceTree = "<group>"; };
		30B5429E283E33F0007D8A81 /* Quicksand-SemiBold.ttf */ = {isa = PBXFileReference; lastKnownFileType = file; path = "Quicksand-SemiBold.ttf"; sourceTree = "<group>"; };
		30B5429F283E33F0007D8A81 /* Quicksand-Light.ttf */ = {isa = PBXFileReference; lastKnownFileType = file; path = "Quicksand-Light.ttf"; sourceTree = "<group>"; };
		30B542A0283E3400007D8A81 /* UIFont.swift */ = {isa = PBXFileReference; lastKnownFileType = sourcecode.swift; path = UIFont.swift; sourceTree = "<group>"; };
		30B542A3283E34AA007D8A81 /* Karla-Italic.ttf */ = {isa = PBXFileReference; lastKnownFileType = file; path = "Karla-Italic.ttf"; sourceTree = "<group>"; };
		30B542A4283E34AA007D8A81 /* Karla-SemiBoldItalic.ttf */ = {isa = PBXFileReference; lastKnownFileType = file; path = "Karla-SemiBoldItalic.ttf"; sourceTree = "<group>"; };
		30B542A5283E34AA007D8A81 /* Karla-MediumItalic.ttf */ = {isa = PBXFileReference; lastKnownFileType = file; path = "Karla-MediumItalic.ttf"; sourceTree = "<group>"; };
		30B542A6283E34AA007D8A81 /* Karla-LightItalic.ttf */ = {isa = PBXFileReference; lastKnownFileType = file; path = "Karla-LightItalic.ttf"; sourceTree = "<group>"; };
		30B542A7283E34AA007D8A81 /* Karla-ExtraLight.ttf */ = {isa = PBXFileReference; lastKnownFileType = file; path = "Karla-ExtraLight.ttf"; sourceTree = "<group>"; };
		30B542A8283E34AA007D8A81 /* Karla-Regular.ttf */ = {isa = PBXFileReference; lastKnownFileType = file; path = "Karla-Regular.ttf"; sourceTree = "<group>"; };
		30B542A9283E34AA007D8A81 /* Karla-Medium.ttf */ = {isa = PBXFileReference; lastKnownFileType = file; path = "Karla-Medium.ttf"; sourceTree = "<group>"; };
		30B542AA283E34AA007D8A81 /* Karla-BoldItalic.ttf */ = {isa = PBXFileReference; lastKnownFileType = file; path = "Karla-BoldItalic.ttf"; sourceTree = "<group>"; };
		30B542AB283E34AA007D8A81 /* Karla-ExtraLightItalic.ttf */ = {isa = PBXFileReference; lastKnownFileType = file; path = "Karla-ExtraLightItalic.ttf"; sourceTree = "<group>"; };
		30B542AC283E34AA007D8A81 /* Karla-ExtraBold.ttf */ = {isa = PBXFileReference; lastKnownFileType = file; path = "Karla-ExtraBold.ttf"; sourceTree = "<group>"; };
		30B542AD283E34AA007D8A81 /* Karla-SemiBold.ttf */ = {isa = PBXFileReference; lastKnownFileType = file; path = "Karla-SemiBold.ttf"; sourceTree = "<group>"; };
		30B542AE283E34AA007D8A81 /* Karla-Bold.ttf */ = {isa = PBXFileReference; lastKnownFileType = file; path = "Karla-Bold.ttf"; sourceTree = "<group>"; };
		30B542AF283E34AA007D8A81 /* Karla-ExtraBoldItalic.ttf */ = {isa = PBXFileReference; lastKnownFileType = file; path = "Karla-ExtraBoldItalic.ttf"; sourceTree = "<group>"; };
		30B542B0283E34AA007D8A81 /* Karla-Light.ttf */ = {isa = PBXFileReference; lastKnownFileType = file; path = "Karla-Light.ttf"; sourceTree = "<group>"; };
		30B542B1283E35EB007D8A81 /* Data.swift */ = {isa = PBXFileReference; lastKnownFileType = sourcecode.swift; path = Data.swift; sourceTree = "<group>"; };
		30B542B3283E360E007D8A81 /* SnakeCaseJSONDecoder.swift */ = {isa = PBXFileReference; lastKnownFileType = sourcecode.swift; path = SnakeCaseJSONDecoder.swift; sourceTree = "<group>"; };
		30B542B6283E3638007D8A81 /* View.swift */ = {isa = PBXFileReference; lastKnownFileType = sourcecode.swift; path = View.swift; sourceTree = "<group>"; };
		30B542B8283E364C007D8A81 /* TableCell.swift */ = {isa = PBXFileReference; lastKnownFileType = sourcecode.swift; path = TableCell.swift; sourceTree = "<group>"; };
		30B542BA283E3660007D8A81 /* CollectionCell.swift */ = {isa = PBXFileReference; lastKnownFileType = sourcecode.swift; path = CollectionCell.swift; sourceTree = "<group>"; };
		30B542BE283E3AC2007D8A81 /* Request.swift */ = {isa = PBXFileReference; lastKnownFileType = sourcecode.swift; path = Request.swift; sourceTree = "<group>"; };
		30B542C0283E3AE6007D8A81 /* NetworkDispatcher.swift */ = {isa = PBXFileReference; lastKnownFileType = sourcecode.swift; path = NetworkDispatcher.swift; sourceTree = "<group>"; };
		30B542C2283E3B0D007D8A81 /* ApiClient.swift */ = {isa = PBXFileReference; lastKnownFileType = sourcecode.swift; path = ApiClient.swift; sourceTree = "<group>"; };
		30B542C4283E3B2D007D8A81 /* Settings.swift */ = {isa = PBXFileReference; lastKnownFileType = sourcecode.swift; path = Settings.swift; sourceTree = "<group>"; };
		30B542C7283E3BFD007D8A81 /* LocationService.swift */ = {isa = PBXFileReference; lastKnownFileType = sourcecode.swift; path = LocationService.swift; sourceTree = "<group>"; };
		30B542CA283E3CD8007D8A81 /* SignInView.swift */ = {isa = PBXFileReference; lastKnownFileType = sourcecode.swift; path = SignInView.swift; sourceTree = "<group>"; };
		30C3FD3428C7690D0007B45A /* FavoriteModels.swift */ = {isa = PBXFileReference; lastKnownFileType = sourcecode.swift; path = FavoriteModels.swift; sourceTree = "<group>"; };
		30D95F1128C89EA9007F9E02 /* CartViewController.swift */ = {isa = PBXFileReference; lastKnownFileType = sourcecode.swift; path = CartViewController.swift; sourceTree = "<group>"; };
		30D95F1328C89ECF007F9E02 /* CartView.swift */ = {isa = PBXFileReference; lastKnownFileType = sourcecode.swift; path = CartView.swift; sourceTree = "<group>"; };
		30D95F1528C8AD85007F9E02 /* CartModel.swift */ = {isa = PBXFileReference; lastKnownFileType = sourcecode.swift; path = CartModel.swift; sourceTree = "<group>"; };
		30D95F1828C8B135007F9E02 /* Storage.swift */ = {isa = PBXFileReference; lastKnownFileType = sourcecode.swift; path = Storage.swift; sourceTree = "<group>"; };
		30D95F1A28C8B8F8007F9E02 /* MainFlatView.swift */ = {isa = PBXFileReference; lastKnownFileType = sourcecode.swift; path = MainFlatView.swift; sourceTree = "<group>"; };
		30DE310928ABC31100509C14 /* LoaderViewController.swift */ = {isa = PBXFileReference; lastKnownFileType = sourcecode.swift; path = LoaderViewController.swift; sourceTree = "<group>"; };
		30DE310B28ABC34B00509C14 /* LoaderView.swift */ = {isa = PBXFileReference; lastKnownFileType = sourcecode.swift; path = LoaderView.swift; sourceTree = "<group>"; };
		30DE310D28ACE80700509C14 /* Label.swift */ = {isa = PBXFileReference; lastKnownFileType = sourcecode.swift; path = Label.swift; sourceTree = "<group>"; };
		30DE310F28ACFDBB00509C14 /* CategoryModel.swift */ = {isa = PBXFileReference; lastKnownFileType = sourcecode.swift; path = CategoryModel.swift; sourceTree = "<group>"; };
		30DE311128AD0C7500509C14 /* InitialDataModel.swift */ = {isa = PBXFileReference; lastKnownFileType = sourcecode.swift; path = InitialDataModel.swift; sourceTree = "<group>"; };
		30DE311428AD257600509C14 /* ToyViewController.swift */ = {isa = PBXFileReference; lastKnownFileType = sourcecode.swift; path = ToyViewController.swift; sourceTree = "<group>"; };
		30DE311628AD25C000509C14 /* ToyView.swift */ = {isa = PBXFileReference; lastKnownFileType = sourcecode.swift; path = ToyView.swift; sourceTree = "<group>"; };
		30DE311828AD262600509C14 /* SwipeableImageViewController.swift */ = {isa = PBXFileReference; lastKnownFileType = sourcecode.swift; path = SwipeableImageViewController.swift; sourceTree = "<group>"; };
		30DE311C28AE281700509C14 /* GroupedTableView.swift */ = {isa = PBXFileReference; lastKnownFileType = sourcecode.swift; path = GroupedTableView.swift; sourceTree = "<group>"; };
		30DE311E28AE288000509C14 /* GroupedTableViewCell.swift */ = {isa = PBXFileReference; lastKnownFileType = sourcecode.swift; path = GroupedTableViewCell.swift; sourceTree = "<group>"; };
		30DE312028AE305B00509C14 /* GroupedSectionHeader.swift */ = {isa = PBXFileReference; lastKnownFileType = sourcecode.swift; path = GroupedSectionHeader.swift; sourceTree = "<group>"; };
		30DE312228AE357800509C14 /* ToyViewCell.swift */ = {isa = PBXFileReference; lastKnownFileType = sourcecode.swift; path = ToyViewCell.swift; sourceTree = "<group>"; };
		30DE312428AE363F00509C14 /* ToyHeaderView.swift */ = {isa = PBXFileReference; lastKnownFileType = sourcecode.swift; path = ToyHeaderView.swift; sourceTree = "<group>"; };
		30DE312628AE38B900509C14 /* ToyDelegate+DataSource.swift */ = {isa = PBXFileReference; lastKnownFileType = sourcecode.swift; path = "ToyDelegate+DataSource.swift"; sourceTree = "<group>"; };
		30E7E8FE2892B7B300057155 /* DashboardViewController.swift */ = {isa = PBXFileReference; lastKnownFileType = sourcecode.swift; path = DashboardViewController.swift; sourceTree = "<group>"; };
		30E7E9002892B7F300057155 /* DashboardView.swift */ = {isa = PBXFileReference; lastKnownFileType = sourcecode.swift; path = DashboardView.swift; sourceTree = "<group>"; };
		30E7E9022892B82A00057155 /* FavoritesViewController.swift */ = {isa = PBXFileReference; lastKnownFileType = sourcecode.swift; path = FavoritesViewController.swift; sourceTree = "<group>"; };
		30E7E9042892B84400057155 /* FavoritesView.swift */ = {isa = PBXFileReference; lastKnownFileType = sourcecode.swift; path = FavoritesView.swift; sourceTree = "<group>"; };
		30E7E9062892B9F800057155 /* SettingsViewController.swift */ = {isa = PBXFileReference; lastKnownFileType = sourcecode.swift; path = SettingsViewController.swift; sourceTree = "<group>"; };
		30E7E9082892BA5000057155 /* SettingsView.swift */ = {isa = PBXFileReference; lastKnownFileType = sourcecode.swift; path = SettingsView.swift; sourceTree = "<group>"; };
		30E7E90A2892BADD00057155 /* TabBarViewController.swift */ = {isa = PBXFileReference; lastKnownFileType = sourcecode.swift; path = TabBarViewController.swift; sourceTree = "<group>"; };
		30E7E90C2892C16000057155 /* TabBarController.swift */ = {isa = PBXFileReference; lastKnownFileType = sourcecode.swift; path = TabBarController.swift; sourceTree = "<group>"; };
		30F35C5B2893C43600D8B88F /* SocialMediaButton.swift */ = {isa = PBXFileReference; lastKnownFileType = sourcecode.swift; path = SocialMediaButton.swift; sourceTree = "<group>"; };
		30F35C5D2893D87900D8B88F /* TextField.swift */ = {isa = PBXFileReference; lastKnownFileType = sourcecode.swift; path = TextField.swift; sourceTree = "<group>"; };
		30F35C632893F6B900D8B88F /* GesturePublisher.swift */ = {isa = PBXFileReference; lastKnownFileType = sourcecode.swift; path = GesturePublisher.swift; sourceTree = "<group>"; };
		30F35C662893F88700D8B88F /* GestureSubscription.swift */ = {isa = PBXFileReference; lastKnownFileType = sourcecode.swift; path = GestureSubscription.swift; sourceTree = "<group>"; };
		30F35C682893FA9200D8B88F /* UIView+Gesture.swift */ = {isa = PBXFileReference; lastKnownFileType = sourcecode.swift; path = "UIView+Gesture.swift"; sourceTree = "<group>"; };
		30F35C6A28940DFA00D8B88F /* TileView.swift */ = {isa = PBXFileReference; lastKnownFileType = sourcecode.swift; path = TileView.swift; sourceTree = "<group>"; };
		30F35C6D2894168000D8B88F /* TileButton.swift */ = {isa = PBXFileReference; lastKnownFileType = sourcecode.swift; path = TileButton.swift; sourceTree = "<group>"; };
		3323A767657C9FAFA4B9EA02 /* Pods-toyBox.release.xcconfig */ = {isa = PBXFileReference; includeInIndex = 1; lastKnownFileType = text.xcconfig; name = "Pods-toyBox.release.xcconfig"; path = "Target Support Files/Pods-toyBox/Pods-toyBox.release.xcconfig"; sourceTree = "<group>"; };
		719FC79AF5007D058CF2CA31 /* Pods_toyBox.framework */ = {isa = PBXFileReference; explicitFileType = wrapper.framework; includeInIndex = 0; path = Pods_toyBox.framework; sourceTree = BUILT_PRODUCTS_DIR; };
		8A904FF35C0F981EA4AE4B1B /* Pods-fmBox.debug.xcconfig */ = {isa = PBXFileReference; includeInIndex = 1; lastKnownFileType = text.xcconfig; name = "Pods-fmBox.debug.xcconfig"; path = "Target Support Files/Pods-fmBox/Pods-fmBox.debug.xcconfig"; sourceTree = "<group>"; };
		A5B716A04261E59AA5A9D42B /* Pods-toyBox.debug.xcconfig */ = {isa = PBXFileReference; includeInIndex = 1; lastKnownFileType = text.xcconfig; name = "Pods-toyBox.debug.xcconfig"; path = "Target Support Files/Pods-toyBox/Pods-toyBox.debug.xcconfig"; sourceTree = "<group>"; };
		E21CF8F5E4B79AECE78E6485 /* Pods-fmBox.release.xcconfig */ = {isa = PBXFileReference; includeInIndex = 1; lastKnownFileType = text.xcconfig; name = "Pods-fmBox.release.xcconfig"; path = "Target Support Files/Pods-fmBox/Pods-fmBox.release.xcconfig"; sourceTree = "<group>"; };
/* End PBXFileReference section */

/* Begin PBXFrameworksBuildPhase section */
		307354A928D06F25007A3E3F /* Frameworks */ = {
			isa = PBXFrameworksBuildPhase;
			buildActionMask = 2147483647;
			files = (
			);
			runOnlyForDeploymentPostprocessing = 0;
		};
		30B54279283E3243007D8A81 /* Frameworks */ = {
			isa = PBXFrameworksBuildPhase;
			buildActionMask = 2147483647;
			files = (
				4A3471806718ED9B81272A6D /* Pods_toyBox.framework in Frameworks */,
			);
			runOnlyForDeploymentPostprocessing = 0;
		};
/* End PBXFrameworksBuildPhase section */

/* Begin PBXGroup section */
		3018D2CD28915C780008087F /* SignUp */ = {
			isa = PBXGroup;
			children = (
				3018D2CE28915C870008087F /* SignUpViewController.swift */,
				3018D2D028915CAA0008087F /* SignUpView.swift */,
			);
			path = SignUp;
			sourceTree = "<group>";
		};
		30459F5A28D0852100FE05A0 /* Intro */ = {
			isa = PBXGroup;
			children = (
				30459F5B28D0854000FE05A0 /* IntroViewController.swift */,
				30459F6528D08FEB00FE05A0 /* IntroView.swift */,
			);
			path = Intro;
			sourceTree = "<group>";
		};
		30459F6D28D0B56200FE05A0 /* PageIndicator */ = {
			isa = PBXGroup;
			children = (
				30459F6E28D0B57700FE05A0 /* PageIndicatorView.swift */,
				30459F7028D0B8CF00FE05A0 /* PageIndicatorItem.swift */,
			);
			path = PageIndicator;
			sourceTree = "<group>";
		};
		307354AD28D06F25007A3E3F /* toyBoxTests */ = {
			isa = PBXGroup;
			children = (
				307354AE28D06F25007A3E3F /* toyBoxTests.swift */,
			);
			path = toyBoxTests;
			sourceTree = "<group>";
		};
		30B3C06B28B6185C006C605A /* Categories */ = {
			isa = PBXGroup;
			children = (
				30B3C06C28B6187A006C605A /* CategoriesViewController.swift */,
				30B3C06E28B618A6006C605A /* CategoriesView.swift */,
				30B3C07028B619B2006C605A /* CategoryCell.swift */,
				30B3C07E28B783D9006C605A /* CategoriesDataSource+Delegate.swift */,
			);
			path = Categories;
			sourceTree = "<group>";
		};
		30B3C07228B61BF2006C605A /* SearchBar */ = {
			isa = PBXGroup;
			children = (
				30B3C07328B61C0C006C605A /* SearchBarView.swift */,
			);
			path = SearchBar;
			sourceTree = "<group>";
		};
		30B3C07828B75B9E006C605A /* SignIn */ = {
			isa = PBXGroup;
			children = (
				30B54283283E3243007D8A81 /* SignInViewController.swift */,
				30B542CA283E3CD8007D8A81 /* SignInView.swift */,
			);
			path = SignIn;
			sourceTree = "<group>";
		};
		30B3C07928B75BEC006C605A /* MainView */ = {
			isa = PBXGroup;
			children = (
				30B3C07A28B75C12006C605A /* MainStackedView.swift */,
				30B3C07C28B75DAA006C605A /* MainViewController.swift */,
				30D95F1A28C8B8F8007F9E02 /* MainFlatView.swift */,
			);
			path = MainView;
			sourceTree = "<group>";
		};
		30B54273283E3243007D8A81 = {
			isa = PBXGroup;
			children = (
				30B5427E283E3243007D8A81 /* toyBox */,
				307354AD28D06F25007A3E3F /* toyBoxTests */,
				30B5427D283E3243007D8A81 /* Products */,
				96F95B2EBA7675189148A9CD /* Pods */,
				EC7F885A4CB1FDCB1BA156E5 /* Frameworks */,
			);
			sourceTree = "<group>";
		};
		30B5427D283E3243007D8A81 /* Products */ = {
			isa = PBXGroup;
			children = (
				30B5427C283E3243007D8A81 /* toyBox.app */,
				307354AC28D06F25007A3E3F /* toyBoxTests.xctest */,
			);
			name = Products;
			sourceTree = "<group>";
		};
		30B5427E283E3243007D8A81 /* toyBox */ = {
			isa = PBXGroup;
			children = (
				30FC4F1228A250DA006A70B2 /* Models */,
				30B542BC283E3A60007D8A81 /* Screens */,
				30B54299283E33D0007D8A81 /* Resources */,
				30D95F1728C8B0D7007F9E02 /* Storage */,
				30B54293283E333E007D8A81 /* Utils */,
				30B5428D283E3247007D8A81 /* Info.plist */,
				304A762828A3C6CD0032618B /* GoogleService-Info.plist */,
			);
			path = toyBox;
			sourceTree = "<group>";
		};
		30B54293283E333E007D8A81 /* Utils */ = {
			isa = PBXGroup;
			children = (
				30B5427F283E3243007D8A81 /* AppDelegate.swift */,
				30B54281283E3243007D8A81 /* SceneDelegate.swift */,
				30B542C4283E3B2D007D8A81 /* Settings.swift */,
				3070A83F289A7CF100E807DD /* Secrets.swift */,
				30B542C6283E3BE8007D8A81 /* Services */,
				30B542BD283E3AB4007D8A81 /* Networking */,
				30B542B5283E3627007D8A81 /* UI */,
				30B54294283E334E007D8A81 /* Extensions */,
			);
			path = Utils;
			sourceTree = "<group>";
		};
		30B54294283E334E007D8A81 /* Extensions */ = {
			isa = PBXGroup;
			children = (
				30B54295283E3359007D8A81 /* UIColor.swift */,
				30B54297283E3370007D8A81 /* UIView.swift */,
				30B542A0283E3400007D8A81 /* UIFont.swift */,
				30B542B1283E35EB007D8A81 /* Data.swift */,
				30B542B3283E360E007D8A81 /* SnakeCaseJSONDecoder.swift */,
				3018D2C928914E8B0008087F /* String.swift */,
			);
			path = Extensions;
			sourceTree = "<group>";
		};
		30B54299283E33D0007D8A81 /* Resources */ = {
			isa = PBXGroup;
			children = (
				30B54288283E3247007D8A81 /* Assets.xcassets */,
				30B5428A283E3247007D8A81 /* LaunchScreen.storyboard */,
				30B542A2283E34A0007D8A81 /* Font-Karla */,
				30B5429A283E33DA007D8A81 /* Font-Quicksand */,
			);
			path = Resources;
			sourceTree = "<group>";
		};
		30B5429A283E33DA007D8A81 /* Font-Quicksand */ = {
			isa = PBXGroup;
			children = (
				30B5429C283E33F0007D8A81 /* Quicksand-Bold.ttf */,
				30B5429F283E33F0007D8A81 /* Quicksand-Light.ttf */,
				30B5429D283E33F0007D8A81 /* Quicksand-Medium.ttf */,
				30B5429B283E33F0007D8A81 /* Quicksand-Regular.ttf */,
				30B5429E283E33F0007D8A81 /* Quicksand-SemiBold.ttf */,
			);
			path = "Font-Quicksand";
			sourceTree = "<group>";
		};
		30B542A2283E34A0007D8A81 /* Font-Karla */ = {
			isa = PBXGroup;
			children = (
				30B542AE283E34AA007D8A81 /* Karla-Bold.ttf */,
				30B542AA283E34AA007D8A81 /* Karla-BoldItalic.ttf */,
				30B542AC283E34AA007D8A81 /* Karla-ExtraBold.ttf */,
				30B542AF283E34AA007D8A81 /* Karla-ExtraBoldItalic.ttf */,
				30B542A7283E34AA007D8A81 /* Karla-ExtraLight.ttf */,
				30B542AB283E34AA007D8A81 /* Karla-ExtraLightItalic.ttf */,
				30B542A3283E34AA007D8A81 /* Karla-Italic.ttf */,
				30B542B0283E34AA007D8A81 /* Karla-Light.ttf */,
				30B542A6283E34AA007D8A81 /* Karla-LightItalic.ttf */,
				30B542A9283E34AA007D8A81 /* Karla-Medium.ttf */,
				30B542A5283E34AA007D8A81 /* Karla-MediumItalic.ttf */,
				30B542A8283E34AA007D8A81 /* Karla-Regular.ttf */,
				30B542AD283E34AA007D8A81 /* Karla-SemiBold.ttf */,
				30B542A4283E34AA007D8A81 /* Karla-SemiBoldItalic.ttf */,
			);
			path = "Font-Karla";
			sourceTree = "<group>";
		};
		30B542B5283E3627007D8A81 /* UI */ = {
			isa = PBXGroup;
			children = (
				30459F6D28D0B56200FE05A0 /* PageIndicator */,
				30B3C07928B75BEC006C605A /* MainView */,
				30B3C07228B61BF2006C605A /* SearchBar */,
				30DE311B28AE27F100509C14 /* GroupedTableView */,
				30F35C6C2894164D00D8B88F /* TileView */,
				30F35C652893F86F00D8B88F /* Gestures */,
				30DE311A28AD268400509C14 /* SwipeableImageView */,
				30B542B6283E3638007D8A81 /* View.swift */,
				30B542B8283E364C007D8A81 /* TableCell.swift */,
				30B542BA283E3660007D8A81 /* CollectionCell.swift */,
				3018D2CB28915A1E0008087F /* ViewController.swift */,
				30E7E90C2892C16000057155 /* TabBarController.swift */,
				30F35C5B2893C43600D8B88F /* SocialMediaButton.swift */,
				30F35C5D2893D87900D8B88F /* TextField.swift */,
				30DE310D28ACE80700509C14 /* Label.swift */,
			);
			path = UI;
			sourceTree = "<group>";
		};
		30B542BC283E3A60007D8A81 /* Screens */ = {
			isa = PBXGroup;
			children = (
				30B542C9283E3CC8007D8A81 /* Main */,
			);
			path = Screens;
			sourceTree = "<group>";
		};
		30B542BD283E3AB4007D8A81 /* Networking */ = {
			isa = PBXGroup;
			children = (
				30B542BE283E3AC2007D8A81 /* Request.swift */,
				30B542C0283E3AE6007D8A81 /* NetworkDispatcher.swift */,
				30B542C2283E3B0D007D8A81 /* ApiClient.swift */,
			);
			path = Networking;
			sourceTree = "<group>";
		};
		30B542C6283E3BE8007D8A81 /* Services */ = {
			isa = PBXGroup;
			children = (
				30B542C7283E3BFD007D8A81 /* LocationService.swift */,
			);
			path = Services;
			sourceTree = "<group>";
		};
		30B542C9283E3CC8007D8A81 /* Main */ = {
			isa = PBXGroup;
			children = (
				30459F5A28D0852100FE05A0 /* Intro */,
				30D7247028CB57A00077393F /* Cart */,
				30B3C06B28B6185C006C605A /* Categories */,
				30DE311328AD254F00509C14 /* Toy */,
				30E7E8FD2892B79B00057155 /* Components */,
				3018D2CD28915C780008087F /* SignUp */,
				30B3C07828B75B9E006C605A /* SignIn */,
				30DE310928ABC31100509C14 /* LoaderViewController.swift */,
				30DE310B28ABC34B00509C14 /* LoaderView.swift */,
			);
			path = Main;
			sourceTree = "<group>";
		};
		30D7247028CB57A00077393F /* Cart */ = {
			isa = PBXGroup;
			children = (
				30D95F1328C89ECF007F9E02 /* CartView.swift */,
				30D95F1128C89EA9007F9E02 /* CartViewController.swift */,
			);
			path = Cart;
			sourceTree = "<group>";
		};
		30D95F1728C8B0D7007F9E02 /* Storage */ = {
			isa = PBXGroup;
			children = (
				30D95F1828C8B135007F9E02 /* Storage.swift */,
			);
			path = Storage;
			sourceTree = "<group>";
		};
		30DE311328AD254F00509C14 /* Toy */ = {
			isa = PBXGroup;
			children = (
				30DE311428AD257600509C14 /* ToyViewController.swift */,
				30DE311628AD25C000509C14 /* ToyView.swift */,
				30DE312228AE357800509C14 /* ToyViewCell.swift */,
				30DE312428AE363F00509C14 /* ToyHeaderView.swift */,
				30DE312628AE38B900509C14 /* ToyDelegate+DataSource.swift */,
			);
			path = Toy;
			sourceTree = "<group>";
		};
		30DE311A28AD268400509C14 /* SwipeableImageView */ = {
			isa = PBXGroup;
			children = (
				30DE311828AD262600509C14 /* SwipeableImageViewController.swift */,
				3021EFCD28D321F500A1E97A /* SwipeableImageView.swift */,
			);
			path = SwipeableImageView;
			sourceTree = "<group>";
		};
		30DE311B28AE27F100509C14 /* GroupedTableView */ = {
			isa = PBXGroup;
			children = (
				30DE311C28AE281700509C14 /* GroupedTableView.swift */,
				30DE311E28AE288000509C14 /* GroupedTableViewCell.swift */,
				30DE312028AE305B00509C14 /* GroupedSectionHeader.swift */,
			);
			path = GroupedTableView;
			sourceTree = "<group>";
		};
		30E7E8FD2892B79B00057155 /* Components */ = {
			isa = PBXGroup;
			children = (
				30E7E8FE2892B7B300057155 /* DashboardViewController.swift */,
				30E7E9002892B7F300057155 /* DashboardView.swift */,
				30E7E9022892B82A00057155 /* FavoritesViewController.swift */,
				30E7E9042892B84400057155 /* FavoritesView.swift */,
				30E7E9062892B9F800057155 /* SettingsViewController.swift */,
				30E7E9082892BA5000057155 /* SettingsView.swift */,
				30E7E90A2892BADD00057155 /* TabBarViewController.swift */,
			);
			path = Components;
			sourceTree = "<group>";
		};
		30F35C652893F86F00D8B88F /* Gestures */ = {
			isa = PBXGroup;
			children = (
				30F35C632893F6B900D8B88F /* GesturePublisher.swift */,
				30F35C662893F88700D8B88F /* GestureSubscription.swift */,
				30F35C682893FA9200D8B88F /* UIView+Gesture.swift */,
			);
			path = Gestures;
			sourceTree = "<group>";
		};
		30F35C6C2894164D00D8B88F /* TileView */ = {
			isa = PBXGroup;
			children = (
				30F35C6A28940DFA00D8B88F /* TileView.swift */,
				30F35C6D2894168000D8B88F /* TileButton.swift */,
			);
			path = TileView;
			sourceTree = "<group>";
		};
		30FC4F1228A250DA006A70B2 /* Models */ = {
			isa = PBXGroup;
			children = (
				30165D2228ABA951000CDBFE /* ToyModel.swift */,
				30DE310F28ACFDBB00509C14 /* CategoryModel.swift */,
				30DE311128AD0C7500509C14 /* InitialDataModel.swift */,
				30C3FD3428C7690D0007B45A /* FavoriteModels.swift */,
				30D95F1528C8AD85007F9E02 /* CartModel.swift */,
				30459F6928D0964500FE05A0 /* IntroModel.swift */,
			);
			path = Models;
			sourceTree = "<group>";
		};
		96F95B2EBA7675189148A9CD /* Pods */ = {
			isa = PBXGroup;
			children = (
				8A904FF35C0F981EA4AE4B1B /* Pods-fmBox.debug.xcconfig */,
				E21CF8F5E4B79AECE78E6485 /* Pods-fmBox.release.xcconfig */,
				A5B716A04261E59AA5A9D42B /* Pods-toyBox.debug.xcconfig */,
				3323A767657C9FAFA4B9EA02 /* Pods-toyBox.release.xcconfig */,
			);
			path = Pods;
			sourceTree = "<group>";
		};
		EC7F885A4CB1FDCB1BA156E5 /* Frameworks */ = {
			isa = PBXGroup;
			children = (
				719FC79AF5007D058CF2CA31 /* Pods_toyBox.framework */,
			);
			name = Frameworks;
			sourceTree = "<group>";
		};
/* End PBXGroup section */

/* Begin PBXNativeTarget section */
		307354AB28D06F25007A3E3F /* toyBoxTests */ = {
			isa = PBXNativeTarget;
			buildConfigurationList = 307354B428D06F25007A3E3F /* Build configuration list for PBXNativeTarget "toyBoxTests" */;
			buildPhases = (
				307354A828D06F25007A3E3F /* Sources */,
				307354A928D06F25007A3E3F /* Frameworks */,
				307354AA28D06F25007A3E3F /* Resources */,
			);
			buildRules = (
			);
			dependencies = (
				307354B128D06F25007A3E3F /* PBXTargetDependency */,
			);
			name = toyBoxTests;
			productName = toyBoxTests;
			productReference = 307354AC28D06F25007A3E3F /* toyBoxTests.xctest */;
			productType = "com.apple.product-type.bundle.unit-test";
		};
		30B5427B283E3243007D8A81 /* toyBox */ = {
			isa = PBXNativeTarget;
			buildConfigurationList = 30B54290283E3247007D8A81 /* Build configuration list for PBXNativeTarget "toyBox" */;
			buildPhases = (
				17EEF184E457D806A4F80C98 /* [CP] Check Pods Manifest.lock */,
				30B54278283E3243007D8A81 /* Sources */,
				30B54279283E3243007D8A81 /* Frameworks */,
				30B5427A283E3243007D8A81 /* Resources */,
				881D3420F8D1AB41CC2FFC8C /* [CP] Embed Pods Frameworks */,
				6D5BD48E4463683D22DE8248 /* [CP] Copy Pods Resources */,
				3070AA14289AA9BE00E807DD /* Embed Frameworks */,
			);
			buildRules = (
			);
			dependencies = (
			);
			name = toyBox;
			productName = fmBox;
			productReference = 30B5427C283E3243007D8A81 /* toyBox.app */;
			productType = "com.apple.product-type.application";
		};
/* End PBXNativeTarget section */

/* Begin PBXProject section */
		30B54274283E3243007D8A81 /* Project object */ = {
			isa = PBXProject;
			attributes = {
				BuildIndependentTargetsInParallel = 1;
				LastSwiftUpdateCheck = 1400;
				LastUpgradeCheck = 1340;
				TargetAttributes = {
					307354AB28D06F25007A3E3F = {
						CreatedOnToolsVersion = 14.0;
						TestTargetID = 30B5427B283E3243007D8A81;
					};
					30B5427B283E3243007D8A81 = {
						CreatedOnToolsVersion = 13.4;
					};
				};
			};
			buildConfigurationList = 30B54277283E3243007D8A81 /* Build configuration list for PBXProject "toyBox" */;
			compatibilityVersion = "Xcode 13.0";
			developmentRegion = en;
			hasScannedForEncodings = 0;
			knownRegions = (
				en,
				Base,
			);
			mainGroup = 30B54273283E3243007D8A81;
			productRefGroup = 30B5427D283E3243007D8A81 /* Products */;
			projectDirPath = "";
			projectRoot = "";
			targets = (
				30B5427B283E3243007D8A81 /* toyBox */,
				307354AB28D06F25007A3E3F /* toyBoxTests */,
			);
		};
/* End PBXProject section */

/* Begin PBXResourcesBuildPhase section */
		307354AA28D06F25007A3E3F /* Resources */ = {
			isa = PBXResourcesBuildPhase;
			buildActionMask = 2147483647;
			files = (
			);
			runOnlyForDeploymentPostprocessing = 0;
		};
		30B5427A283E3243007D8A81 /* Resources */ = {
			isa = PBXResourcesBuildPhase;
			buildActionMask = 2147483647;
			files = (
				30B542D6283E3E8E007D8A81 /* Karla-Bold.ttf in Resources */,
				30B542CD283E3E8E007D8A81 /* Karla-ExtraBold.ttf in Resources */,
				30B542D5283E3E8E007D8A81 /* Karla-Medium.ttf in Resources */,
				30B542D8283E3E8E007D8A81 /* Karla-ExtraLight.ttf in Resources */,
				30B542DA283E3E97007D8A81 /* Quicksand-Light.ttf in Resources */,
				30B542D4283E3E8E007D8A81 /* Karla-BoldItalic.ttf in Resources */,
				30B5428C283E3247007D8A81 /* LaunchScreen.storyboard in Resources */,
				30B542CC283E3E8E007D8A81 /* Karla-ExtraLightItalic.ttf in Resources */,
				30B542D9283E3E8E007D8A81 /* Karla-LightItalic.ttf in Resources */,
				30B54289283E3247007D8A81 /* Assets.xcassets in Resources */,
				30B542DC283E3E97007D8A81 /* Quicksand-Regular.ttf in Resources */,
				30B542CF283E3E8E007D8A81 /* Karla-ExtraBoldItalic.ttf in Resources */,
				30B542DE283E3E97007D8A81 /* Quicksand-SemiBold.ttf in Resources */,
				30B542DB283E3E97007D8A81 /* Quicksand-Medium.ttf in Resources */,
				30B542CE283E3E8E007D8A81 /* Karla-SemiBoldItalic.ttf in Resources */,
				30B542D7283E3E8E007D8A81 /* Karla-MediumItalic.ttf in Resources */,
				30B542D2283E3E8E007D8A81 /* Karla-SemiBold.ttf in Resources */,
				30B542D0283E3E8E007D8A81 /* Karla-Italic.ttf in Resources */,
				30B542D1283E3E8E007D8A81 /* Karla-Regular.ttf in Resources */,
				304A762928A3C6CD0032618B /* GoogleService-Info.plist in Resources */,
				30B542D3283E3E8E007D8A81 /* Karla-Light.ttf in Resources */,
				30B542DD283E3E97007D8A81 /* Quicksand-Bold.ttf in Resources */,
			);
			runOnlyForDeploymentPostprocessing = 0;
		};
/* End PBXResourcesBuildPhase section */

/* Begin PBXShellScriptBuildPhase section */
		17EEF184E457D806A4F80C98 /* [CP] Check Pods Manifest.lock */ = {
			isa = PBXShellScriptBuildPhase;
			alwaysOutOfDate = 1;
			buildActionMask = 2147483647;
			files = (
			);
			inputFileListPaths = (
			);
			inputPaths = (
				"${PODS_PODFILE_DIR_PATH}/Podfile.lock",
				"${PODS_ROOT}/Manifest.lock",
			);
			name = "[CP] Check Pods Manifest.lock";
			outputFileListPaths = (
			);
			outputPaths = (
				"$(DERIVED_FILE_DIR)/Pods-toyBox-checkManifestLockResult.txt",
			);
			runOnlyForDeploymentPostprocessing = 0;
			shellPath = /bin/sh;
			shellScript = "diff \"${PODS_PODFILE_DIR_PATH}/Podfile.lock\" \"${PODS_ROOT}/Manifest.lock\" > /dev/null\nif [ $? != 0 ] ; then\n    # print error to STDERR\n    echo \"error: The sandbox is not in sync with the Podfile.lock. Run 'pod install' or update your CocoaPods installation.\" >&2\n    exit 1\nfi\n# This output is used by Xcode 'outputs' to avoid re-running this script phase.\necho \"SUCCESS\" > \"${SCRIPT_OUTPUT_FILE_0}\"\n";
			showEnvVarsInLog = 0;
		};
		6D5BD48E4463683D22DE8248 /* [CP] Copy Pods Resources */ = {
			isa = PBXShellScriptBuildPhase;
			buildActionMask = 2147483647;
			files = (
			);
			inputFileListPaths = (
				"${PODS_ROOT}/Target Support Files/Pods-toyBox/Pods-toyBox-resources-${CONFIGURATION}-input-files.xcfilelist",
			);
			name = "[CP] Copy Pods Resources";
			outputFileListPaths = (
				"${PODS_ROOT}/Target Support Files/Pods-toyBox/Pods-toyBox-resources-${CONFIGURATION}-output-files.xcfilelist",
			);
			runOnlyForDeploymentPostprocessing = 0;
			shellPath = /bin/sh;
			shellScript = "\"${PODS_ROOT}/Target Support Files/Pods-toyBox/Pods-toyBox-resources.sh\"\n";
			showEnvVarsInLog = 0;
		};
		881D3420F8D1AB41CC2FFC8C /* [CP] Embed Pods Frameworks */ = {
			isa = PBXShellScriptBuildPhase;
			alwaysOutOfDate = 1;
			buildActionMask = 2147483647;
			files = (
			);
			inputFileListPaths = (
				"${PODS_ROOT}/Target Support Files/Pods-toyBox/Pods-toyBox-frameworks-${CONFIGURATION}-input-files.xcfilelist",
			);
			name = "[CP] Embed Pods Frameworks";
			outputFileListPaths = (
				"${PODS_ROOT}/Target Support Files/Pods-toyBox/Pods-toyBox-frameworks-${CONFIGURATION}-output-files.xcfilelist",
			);
			runOnlyForDeploymentPostprocessing = 0;
			shellPath = /bin/sh;
			shellScript = "\"${PODS_ROOT}/Target Support Files/Pods-toyBox/Pods-toyBox-frameworks.sh\"\n";
			showEnvVarsInLog = 0;
		};
/* End PBXShellScriptBuildPhase section */

/* Begin PBXSourcesBuildPhase section */
		307354A828D06F25007A3E3F /* Sources */ = {
			isa = PBXSourcesBuildPhase;
			buildActionMask = 2147483647;
			files = (
				307354AF28D06F25007A3E3F /* toyBoxTests.swift in Sources */,
			);
			runOnlyForDeploymentPostprocessing = 0;
		};
		30B54278283E3243007D8A81 /* Sources */ = {
			isa = PBXSourcesBuildPhase;
			buildActionMask = 2147483647;
			files = (
				30F35C6E2894168000D8B88F /* TileButton.swift in Sources */,
				30459F6A28D0964500FE05A0 /* IntroModel.swift in Sources */,
				30E7E9032892B82A00057155 /* FavoritesViewController.swift in Sources */,
				30B542B9283E364C007D8A81 /* TableCell.swift in Sources */,
				30DE310C28ABC34B00509C14 /* LoaderView.swift in Sources */,
				3018D2CC28915A1E0008087F /* ViewController.swift in Sources */,
				30DE311928AD262600509C14 /* SwipeableImageViewController.swift in Sources */,
				30B542BF283E3AC2007D8A81 /* Request.swift in Sources */,
				30DE312528AE363F00509C14 /* ToyHeaderView.swift in Sources */,
				30F35C642893F6B900D8B88F /* GesturePublisher.swift in Sources */,
				30D95F1628C8AD85007F9E02 /* CartModel.swift in Sources */,
				30B3C06D28B6187B006C605A /* CategoriesViewController.swift in Sources */,
				30D95F1928C8B135007F9E02 /* Storage.swift in Sources */,
				30DE311728AD25C000509C14 /* ToyView.swift in Sources */,
				30B542B2283E35EB007D8A81 /* Data.swift in Sources */,
				30B54298283E3370007D8A81 /* UIView.swift in Sources */,
				30B3C07D28B75DAA006C605A /* MainViewController.swift in Sources */,
				30B54284283E3243007D8A81 /* SignInViewController.swift in Sources */,
				30B542B4283E360E007D8A81 /* SnakeCaseJSONDecoder.swift in Sources */,
				30165D2328ABA951000CDBFE /* ToyModel.swift in Sources */,
				3021EFCE28D321F500A1E97A /* SwipeableImageView.swift in Sources */,
				30E7E9052892B84400057155 /* FavoritesView.swift in Sources */,
				30F35C5C2893C43700D8B88F /* SocialMediaButton.swift in Sources */,
				30E7E9012892B7F300057155 /* DashboardView.swift in Sources */,
				30459F7128D0B8CF00FE05A0 /* PageIndicatorItem.swift in Sources */,
				30DE312328AE357800509C14 /* ToyViewCell.swift in Sources */,
				30B542A1283E3400007D8A81 /* UIFont.swift in Sources */,
				30F35C5E2893D87900D8B88F /* TextField.swift in Sources */,
				30DE311528AD257600509C14 /* ToyViewController.swift in Sources */,
				30F35C6B28940DFA00D8B88F /* TileView.swift in Sources */,
				30DE312128AE305B00509C14 /* GroupedSectionHeader.swift in Sources */,
				30459F6628D08FEB00FE05A0 /* IntroView.swift in Sources */,
				30B542C3283E3B0D007D8A81 /* ApiClient.swift in Sources */,
				30B542B7283E3638007D8A81 /* View.swift in Sources */,
				3018D2D128915CAB0008087F /* SignUpView.swift in Sources */,
				30E7E8FF2892B7B300057155 /* DashboardViewController.swift in Sources */,
				30E7E90D2892C16000057155 /* TabBarController.swift in Sources */,
				30B542C5283E3B2D007D8A81 /* Settings.swift in Sources */,
				30B542C8283E3BFD007D8A81 /* LocationService.swift in Sources */,
				30DE311028ACFDBB00509C14 /* CategoryModel.swift in Sources */,
				30DE310A28ABC31100509C14 /* LoaderViewController.swift in Sources */,
				30B542CB283E3CD8007D8A81 /* SignInView.swift in Sources */,
				30E7E9092892BA5000057155 /* SettingsView.swift in Sources */,
				3018D2CA28914E8B0008087F /* String.swift in Sources */,
				30D95F1428C89ECF007F9E02 /* CartView.swift in Sources */,
				30DE310E28ACE80700509C14 /* Label.swift in Sources */,
				30F35C672893F88700D8B88F /* GestureSubscription.swift in Sources */,
				30DE312728AE38B900509C14 /* ToyDelegate+DataSource.swift in Sources */,
				3018D2CF28915C870008087F /* SignUpViewController.swift in Sources */,
				30B54296283E3359007D8A81 /* UIColor.swift in Sources */,
				30B54280283E3243007D8A81 /* AppDelegate.swift in Sources */,
				30B3C07B28B75C12006C605A /* MainStackedView.swift in Sources */,
				30E7E9072892B9F800057155 /* SettingsViewController.swift in Sources */,
				30DE311228AD0C7500509C14 /* InitialDataModel.swift in Sources */,
				30DE311D28AE281700509C14 /* GroupedTableView.swift in Sources */,
				30F35C692893FA9200D8B88F /* UIView+Gesture.swift in Sources */,
				30B542BB283E3660007D8A81 /* CollectionCell.swift in Sources */,
				30D95F1B28C8B8F8007F9E02 /* MainFlatView.swift in Sources */,
				30B54282283E3243007D8A81 /* SceneDelegate.swift in Sources */,
				30B3C07F28B783D9006C605A /* CategoriesDataSource+Delegate.swift in Sources */,
				30459F6F28D0B57700FE05A0 /* PageIndicatorView.swift in Sources */,
				30E7E90B2892BADD00057155 /* TabBarViewController.swift in Sources */,
				30C3FD3528C7690D0007B45A /* FavoriteModels.swift in Sources */,
				30B3C06F28B618A6006C605A /* CategoriesView.swift in Sources */,
				30D95F1228C89EA9007F9E02 /* CartViewController.swift in Sources */,
				3070A840289A7CF100E807DD /* Secrets.swift in Sources */,
				30B3C07428B61C0C006C605A /* SearchBarView.swift in Sources */,
				30DE311F28AE288000509C14 /* GroupedTableViewCell.swift in Sources */,
				30459F5C28D0854000FE05A0 /* IntroViewController.swift in Sources */,
				30B542C1283E3AE6007D8A81 /* NetworkDispatcher.swift in Sources */,
				30B3C07128B619B2006C605A /* CategoryCell.swift in Sources */,
			);
			runOnlyForDeploymentPostprocessing = 0;
		};
/* End PBXSourcesBuildPhase section */

/* Begin PBXTargetDependency section */
		307354B128D06F25007A3E3F /* PBXTargetDependency */ = {
			isa = PBXTargetDependency;
			target = 30B5427B283E3243007D8A81 /* toyBox */;
			targetProxy = 307354B028D06F25007A3E3F /* PBXContainerItemProxy */;
		};
/* End PBXTargetDependency section */

/* Begin PBXVariantGroup section */
		30B5428A283E3247007D8A81 /* LaunchScreen.storyboard */ = {
			isa = PBXVariantGroup;
			children = (
				30B5428B283E3247007D8A81 /* Base */,
			);
			name = LaunchScreen.storyboard;
			sourceTree = "<group>";
		};
/* End PBXVariantGroup section */

/* Begin XCBuildConfiguration section */
		307354B228D06F25007A3E3F /* Debug */ = {
			isa = XCBuildConfiguration;
			buildSettings = {
				BUNDLE_LOADER = "$(TEST_HOST)";
				CLANG_CXX_LANGUAGE_STANDARD = "gnu++20";
				CODE_SIGN_STYLE = Automatic;
				CURRENT_PROJECT_VERSION = 1;
				DEVELOPMENT_TEAM = GCQ4TX8M8Z;
				GENERATE_INFOPLIST_FILE = YES;
				IPHONEOS_DEPLOYMENT_TARGET = 16.0;
				MACOSX_DEPLOYMENT_TARGET = 12.3;
				MARKETING_VERSION = 1.0;
				PRODUCT_BUNDLE_IDENTIFIER = com.scibor.be.toyBoxTests;
				PRODUCT_NAME = "$(TARGET_NAME)";
				SDKROOT = auto;
				SUPPORTED_PLATFORMS = "iphoneos iphonesimulator macosx";
				SWIFT_EMIT_LOC_STRINGS = NO;
				SWIFT_VERSION = 5.0;
				TARGETED_DEVICE_FAMILY = "1,2";
				TEST_HOST = "$(BUILT_PRODUCTS_DIR)/toyBox.app/$(BUNDLE_EXECUTABLE_FOLDER_PATH)/toyBox";
			};
			name = Debug;
		};
		307354B328D06F25007A3E3F /* Release */ = {
			isa = XCBuildConfiguration;
			buildSettings = {
				BUNDLE_LOADER = "$(TEST_HOST)";
				CLANG_CXX_LANGUAGE_STANDARD = "gnu++20";
				CODE_SIGN_STYLE = Automatic;
				CURRENT_PROJECT_VERSION = 1;
				DEVELOPMENT_TEAM = GCQ4TX8M8Z;
				GENERATE_INFOPLIST_FILE = YES;
				IPHONEOS_DEPLOYMENT_TARGET = 16.0;
				MACOSX_DEPLOYMENT_TARGET = 12.3;
				MARKETING_VERSION = 1.0;
				PRODUCT_BUNDLE_IDENTIFIER = com.scibor.be.toyBoxTests;
				PRODUCT_NAME = "$(TARGET_NAME)";
				SDKROOT = auto;
				SUPPORTED_PLATFORMS = "iphoneos iphonesimulator macosx";
				SWIFT_EMIT_LOC_STRINGS = NO;
				SWIFT_VERSION = 5.0;
				TARGETED_DEVICE_FAMILY = "1,2";
				TEST_HOST = "$(BUILT_PRODUCTS_DIR)/toyBox.app/$(BUNDLE_EXECUTABLE_FOLDER_PATH)/toyBox";
			};
			name = Release;
		};
		30B5428E283E3247007D8A81 /* Debug */ = {
			isa = XCBuildConfiguration;
			buildSettings = {
				ALWAYS_SEARCH_USER_PATHS = NO;
				CLANG_ANALYZER_NONNULL = YES;
				CLANG_ANALYZER_NUMBER_OBJECT_CONVERSION = YES_AGGRESSIVE;
				CLANG_CXX_LANGUAGE_STANDARD = "gnu++17";
				CLANG_ENABLE_MODULES = YES;
				CLANG_ENABLE_OBJC_ARC = YES;
				CLANG_ENABLE_OBJC_WEAK = YES;
				CLANG_WARN_BLOCK_CAPTURE_AUTORELEASING = YES;
				CLANG_WARN_BOOL_CONVERSION = YES;
				CLANG_WARN_COMMA = YES;
				CLANG_WARN_CONSTANT_CONVERSION = YES;
				CLANG_WARN_DEPRECATED_OBJC_IMPLEMENTATIONS = YES;
				CLANG_WARN_DIRECT_OBJC_ISA_USAGE = YES_ERROR;
				CLANG_WARN_DOCUMENTATION_COMMENTS = YES;
				CLANG_WARN_EMPTY_BODY = YES;
				CLANG_WARN_ENUM_CONVERSION = YES;
				CLANG_WARN_INFINITE_RECURSION = YES;
				CLANG_WARN_INT_CONVERSION = YES;
				CLANG_WARN_NON_LITERAL_NULL_CONVERSION = YES;
				CLANG_WARN_OBJC_IMPLICIT_RETAIN_SELF = YES;
				CLANG_WARN_OBJC_LITERAL_CONVERSION = YES;
				CLANG_WARN_OBJC_ROOT_CLASS = YES_ERROR;
				CLANG_WARN_QUOTED_INCLUDE_IN_FRAMEWORK_HEADER = YES;
				CLANG_WARN_RANGE_LOOP_ANALYSIS = YES;
				CLANG_WARN_STRICT_PROTOTYPES = YES;
				CLANG_WARN_SUSPICIOUS_MOVE = YES;
				CLANG_WARN_UNGUARDED_AVAILABILITY = YES_AGGRESSIVE;
				CLANG_WARN_UNREACHABLE_CODE = YES;
				CLANG_WARN__DUPLICATE_METHOD_MATCH = YES;
				COPY_PHASE_STRIP = NO;
				DEBUG_INFORMATION_FORMAT = dwarf;
				ENABLE_STRICT_OBJC_MSGSEND = YES;
				ENABLE_TESTABILITY = YES;
				GCC_C_LANGUAGE_STANDARD = gnu11;
				GCC_DYNAMIC_NO_PIC = NO;
				GCC_NO_COMMON_BLOCKS = YES;
				GCC_OPTIMIZATION_LEVEL = 0;
				GCC_PREPROCESSOR_DEFINITIONS = (
					"DEBUG=1",
					"$(inherited)",
				);
				GCC_WARN_64_TO_32_BIT_CONVERSION = YES;
				GCC_WARN_ABOUT_RETURN_TYPE = YES_ERROR;
				GCC_WARN_UNDECLARED_SELECTOR = YES;
				GCC_WARN_UNINITIALIZED_AUTOS = YES_AGGRESSIVE;
				GCC_WARN_UNUSED_FUNCTION = YES;
				GCC_WARN_UNUSED_VARIABLE = YES;
				IPHONEOS_DEPLOYMENT_TARGET = 15.5;
				MTL_ENABLE_DEBUG_INFO = INCLUDE_SOURCE;
				MTL_FAST_MATH = YES;
				ONLY_ACTIVE_ARCH = YES;
				SDKROOT = iphoneos;
				SWIFT_ACTIVE_COMPILATION_CONDITIONS = DEBUG;
				SWIFT_OPTIMIZATION_LEVEL = "-Onone";
			};
			name = Debug;
		};
		30B5428F283E3247007D8A81 /* Release */ = {
			isa = XCBuildConfiguration;
			buildSettings = {
				ALWAYS_SEARCH_USER_PATHS = NO;
				CLANG_ANALYZER_NONNULL = YES;
				CLANG_ANALYZER_NUMBER_OBJECT_CONVERSION = YES_AGGRESSIVE;
				CLANG_CXX_LANGUAGE_STANDARD = "gnu++17";
				CLANG_ENABLE_MODULES = YES;
				CLANG_ENABLE_OBJC_ARC = YES;
				CLANG_ENABLE_OBJC_WEAK = YES;
				CLANG_WARN_BLOCK_CAPTURE_AUTORELEASING = YES;
				CLANG_WARN_BOOL_CONVERSION = YES;
				CLANG_WARN_COMMA = YES;
				CLANG_WARN_CONSTANT_CONVERSION = YES;
				CLANG_WARN_DEPRECATED_OBJC_IMPLEMENTATIONS = YES;
				CLANG_WARN_DIRECT_OBJC_ISA_USAGE = YES_ERROR;
				CLANG_WARN_DOCUMENTATION_COMMENTS = YES;
				CLANG_WARN_EMPTY_BODY = YES;
				CLANG_WARN_ENUM_CONVERSION = YES;
				CLANG_WARN_INFINITE_RECURSION = YES;
				CLANG_WARN_INT_CONVERSION = YES;
				CLANG_WARN_NON_LITERAL_NULL_CONVERSION = YES;
				CLANG_WARN_OBJC_IMPLICIT_RETAIN_SELF = YES;
				CLANG_WARN_OBJC_LITERAL_CONVERSION = YES;
				CLANG_WARN_OBJC_ROOT_CLASS = YES_ERROR;
				CLANG_WARN_QUOTED_INCLUDE_IN_FRAMEWORK_HEADER = YES;
				CLANG_WARN_RANGE_LOOP_ANALYSIS = YES;
				CLANG_WARN_STRICT_PROTOTYPES = YES;
				CLANG_WARN_SUSPICIOUS_MOVE = YES;
				CLANG_WARN_UNGUARDED_AVAILABILITY = YES_AGGRESSIVE;
				CLANG_WARN_UNREACHABLE_CODE = YES;
				CLANG_WARN__DUPLICATE_METHOD_MATCH = YES;
				COPY_PHASE_STRIP = NO;
				DEBUG_INFORMATION_FORMAT = "dwarf-with-dsym";
				ENABLE_NS_ASSERTIONS = NO;
				ENABLE_STRICT_OBJC_MSGSEND = YES;
				GCC_C_LANGUAGE_STANDARD = gnu11;
				GCC_NO_COMMON_BLOCKS = YES;
				GCC_WARN_64_TO_32_BIT_CONVERSION = YES;
				GCC_WARN_ABOUT_RETURN_TYPE = YES_ERROR;
				GCC_WARN_UNDECLARED_SELECTOR = YES;
				GCC_WARN_UNINITIALIZED_AUTOS = YES_AGGRESSIVE;
				GCC_WARN_UNUSED_FUNCTION = YES;
				GCC_WARN_UNUSED_VARIABLE = YES;
				IPHONEOS_DEPLOYMENT_TARGET = 15.5;
				MTL_ENABLE_DEBUG_INFO = NO;
				MTL_FAST_MATH = YES;
				SDKROOT = iphoneos;
				SWIFT_COMPILATION_MODE = wholemodule;
				SWIFT_OPTIMIZATION_LEVEL = "-O";
				VALIDATE_PRODUCT = YES;
			};
			name = Release;
		};
		30B54291283E3247007D8A81 /* Debug */ = {
			isa = XCBuildConfiguration;
			baseConfigurationReference = A5B716A04261E59AA5A9D42B /* Pods-toyBox.debug.xcconfig */;
			buildSettings = {
				ASSETCATALOG_COMPILER_APPICON_NAME = AppIcon;
				ASSETCATALOG_COMPILER_GLOBAL_ACCENT_COLOR_NAME = AccentColor;
				CODE_SIGN_STYLE = Automatic;
				CURRENT_PROJECT_VERSION = 1;
				DEVELOPMENT_TEAM = GCQ4TX8M8Z;
				FRAMEWORK_SEARCH_PATHS = (
					"$(inherited)",
					"$(PROJECT_DIR)/ios-sdk-1.2.2",
					"$(PROJECT_DIR)",
				);
				GENERATE_INFOPLIST_FILE = YES;
				INFOPLIST_FILE = toyBox/Info.plist;
				INFOPLIST_KEY_CFBundleDisplayName = toyBox;
				INFOPLIST_KEY_NSLocationAlwaysAndWhenInUseUsageDescription = "Application needs your location to get proper events data.";
				INFOPLIST_KEY_NSLocationWhenInUseUsageDescription = "Application needs your location to get proper events data.";
				INFOPLIST_KEY_UIApplicationSupportsIndirectInputEvents = YES;
				INFOPLIST_KEY_UILaunchStoryboardName = LaunchScreen;
				INFOPLIST_KEY_UISupportedInterfaceOrientations = UIInterfaceOrientationPortrait;
				INFOPLIST_KEY_UISupportedInterfaceOrientations_iPad = "UIInterfaceOrientationPortrait UIInterfaceOrientationPortraitUpsideDown UIInterfaceOrientationLandscapeLeft UIInterfaceOrientationLandscapeRight";
				INFOPLIST_KEY_UISupportedInterfaceOrientations_iPhone = "UIInterfaceOrientationPortrait UIInterfaceOrientationLandscapeLeft UIInterfaceOrientationLandscapeRight";
				LD_RUNPATH_SEARCH_PATHS = (
					"$(inherited)",
					"@executable_path/Frameworks",
				);
				MARKETING_VERSION = 1.0;
				PRODUCT_BUNDLE_IDENTIFIER = com.scibor.be.toyBox;
				PRODUCT_NAME = "$(TARGET_NAME)";
				SWIFT_EMIT_LOC_STRINGS = YES;
				SWIFT_OBJC_BRIDGING_HEADER = "";
				SWIFT_VERSION = 5.0;
				TARGETED_DEVICE_FAMILY = "1,2";
				VALIDATE_WORKSPACE = YES;
			};
			name = Debug;
		};
		30B54292283E3247007D8A81 /* Release */ = {
			isa = XCBuildConfiguration;
			baseConfigurationReference = 3323A767657C9FAFA4B9EA02 /* Pods-toyBox.release.xcconfig */;
			buildSettings = {
				ASSETCATALOG_COMPILER_APPICON_NAME = AppIcon;
				ASSETCATALOG_COMPILER_GLOBAL_ACCENT_COLOR_NAME = AccentColor;
				CODE_SIGN_STYLE = Automatic;
				CURRENT_PROJECT_VERSION = 1;
				DEVELOPMENT_TEAM = GCQ4TX8M8Z;
				FRAMEWORK_SEARCH_PATHS = (
					"$(inherited)",
					"$(PROJECT_DIR)/ios-sdk-1.2.2",
					"$(PROJECT_DIR)",
				);
				GENERATE_INFOPLIST_FILE = YES;
				INFOPLIST_FILE = toyBox/Info.plist;
				INFOPLIST_KEY_CFBundleDisplayName = toyBox;
				INFOPLIST_KEY_NSLocationAlwaysAndWhenInUseUsageDescription = "Application needs your location to get proper events data.";
				INFOPLIST_KEY_NSLocationWhenInUseUsageDescription = "Application needs your location to get proper events data.";
				INFOPLIST_KEY_UIApplicationSupportsIndirectInputEvents = YES;
				INFOPLIST_KEY_UILaunchStoryboardName = LaunchScreen;
				INFOPLIST_KEY_UISupportedInterfaceOrientations = UIInterfaceOrientationPortrait;
				INFOPLIST_KEY_UISupportedInterfaceOrientations_iPad = "UIInterfaceOrientationPortrait UIInterfaceOrientationPortraitUpsideDown UIInterfaceOrientationLandscapeLeft UIInterfaceOrientationLandscapeRight";
				INFOPLIST_KEY_UISupportedInterfaceOrientations_iPhone = "UIInterfaceOrientationPortrait UIInterfaceOrientationLandscapeLeft UIInterfaceOrientationLandscapeRight";
				LD_RUNPATH_SEARCH_PATHS = (
					"$(inherited)",
					"@executable_path/Frameworks",
				);
				MARKETING_VERSION = 1.0;
				PRODUCT_BUNDLE_IDENTIFIER = com.scibor.be.toyBox;
				PRODUCT_NAME = "$(TARGET_NAME)";
				SWIFT_EMIT_LOC_STRINGS = YES;
				SWIFT_OBJC_BRIDGING_HEADER = "";
				SWIFT_VERSION = 5.0;
				TARGETED_DEVICE_FAMILY = "1,2";
				VALIDATE_WORKSPACE = YES;
			};
			name = Release;
		};
/* End XCBuildConfiguration section */

/* Begin XCConfigurationList section */
		307354B428D06F25007A3E3F /* Build configuration list for PBXNativeTarget "toyBoxTests" */ = {
			isa = XCConfigurationList;
			buildConfigurations = (
				307354B228D06F25007A3E3F /* Debug */,
				307354B328D06F25007A3E3F /* Release */,
			);
			defaultConfigurationIsVisible = 0;
			defaultConfigurationName = Release;
		};
		30B54277283E3243007D8A81 /* Build configuration list for PBXProject "toyBox" */ = {
			isa = XCConfigurationList;
			buildConfigurations = (
				30B5428E283E3247007D8A81 /* Debug */,
				30B5428F283E3247007D8A81 /* Release */,
			);
			defaultConfigurationIsVisible = 0;
			defaultConfigurationName = Release;
		};
		30B54290283E3247007D8A81 /* Build configuration list for PBXNativeTarget "toyBox" */ = {
			isa = XCConfigurationList;
			buildConfigurations = (
				30B54291283E3247007D8A81 /* Debug */,
				30B54292283E3247007D8A81 /* Release */,
			);
			defaultConfigurationIsVisible = 0;
			defaultConfigurationName = Release;
		};
/* End XCConfigurationList section */
	};
	rootObject = 30B54274283E3243007D8A81 /* Project object */;
}
